
Microsoft Visual Studio Solution File, Format Version 12.00
# Visual Studio Version 17
VisualStudioVersion = 17.5.002.0
MinimumVisualStudioVersion = 10.0.40219.1
Project("{2150E333-8FDC-42A3-9474-1A3956D46DE8}") = "Labfiles", "Labfiles", "{0641C0F8-21F7-4C3B-9F79-7ADBF6211711}"
EndProject
Project("{2150E333-8FDC-42A3-9474-1A3956D46DE8}") = "01-analyze-images", "01-analyze-images", "{815049DF-B0CE-48C5-A854-2EFE7670CDCC}"
EndProject
Project("{2150E333-8FDC-42A3-9474-1A3956D46DE8}") = "C-Sharp", "C-Sharp", "{B072512B-7EA1-4D42-B390-DD8F2BBBB912}"
EndProject
Project("{9A19103F-16F7-4668-BE54-9A1E7A4F7556}") = "image-analysis", "Labfiles\01-analyze-images\C-Sharp\image-analysis\image-analysis.csproj", "{047A89D4-1291-439F-8B07-A9084E75CCC1}"
EndProject
Project("{2150E333-8FDC-42A3-9474-1A3956D46DE8}") = "03-object-detection", "03-object-detection", "{DA7C86C5-DC76-4F3B-8FFF-3ECFDEE2B41D}"
EndProject
Project("{2150E333-8FDC-42A3-9474-1A3956D46DE8}") = "C-Sharp", "C-Sharp", "{300AAEC9-7E69-4EEE-AED0-FD8B557FA0A4}"
EndProject
Project("{9A19103F-16F7-4668-BE54-9A1E7A4F7556}") = "test-detector", "Labfiles\03-object-detection\C-Sharp\test-detector\test-detector.csproj", "{628C4E4D-9347-46DC-A111-6DA856F79415}"
EndProject
Project("{9A19103F-16F7-4668-BE54-9A1E7A4F7556}") = "train-detector", "Labfiles\03-object-detection\C-Sharp\train-detector\train-detector.csproj", "{48026504-927E-4E93-B05C-510D11214EB9}"
EndProject
Project("{2150E333-8FDC-42A3-9474-1A3956D46DE8}") = "04-face", "04-face", "{CE607694-7BCB-43A0-805F-140395FB2A21}"
EndProject
Project("{2150E333-8FDC-42A3-9474-1A3956D46DE8}") = "C-Sharp", "C-Sharp", "{00C98C56-A5A2-4389-8F73-569F800E17C4}"
EndProject
Project("{9A19103F-16F7-4668-BE54-9A1E7A4F7556}") = "detect-people", "Labfiles\04-face\C-Sharp\computer-vision\detect-people.csproj", "{38D4F465-5B8A-454E-82B2-045EB06F901E}"
EndProject
Project("{9A19103F-16F7-4668-BE54-9A1E7A4F7556}") = "analyze-faces", "Labfiles\04-face\C-Sharp\face-api\analyze-faces.csproj", "{1697D83C-11C2-4D49-88FA-C39723EC8808}"
EndProject
Project("{2150E333-8FDC-42A3-9474-1A3956D46DE8}") = "05-ocr", "05-ocr", "{67598052-9C29-40A8-9C13-515882FBAD75}"
EndProject
Project("{2150E333-8FDC-42A3-9474-1A3956D46DE8}") = "C-Sharp", "C-Sharp", "{68C9B128-CD3C-4A7E-872E-AA9EFFEBBECF}"
EndProject
Project("{9A19103F-16F7-4668-BE54-9A1E7A4F7556}") = "read-text", "Labfiles\05-ocr\C-Sharp\read-text\read-text.csproj", "{F98BDE28-EC4A-432E-9441-B52A0D296089}"
EndProject
Project("{2150E333-8FDC-42A3-9474-1A3956D46DE8}") = "07-custom-vision-image-classification", "07-custom-vision-image-classification", "{E62E8483-7383-42DB-BBA9-EDBE8E1E61BA}"
EndProject
Project("{2150E333-8FDC-42A3-9474-1A3956D46DE8}") = "C-Sharp", "C-Sharp", "{9B21CA6B-C4C7-4999-90B6-2FB00CE8A525}"
EndProject
Project("{9A19103F-16F7-4668-BE54-9A1E7A4F7556}") = "test-classifier", "Labfiles\07-custom-vision-image-classification\C-Sharp\test-classifier\test-classifier.csproj", "{D3C70A3D-255D-4355-BBED-A4F6DD92F3EA}"
EndProject
Project("{9A19103F-16F7-4668-BE54-9A1E7A4F7556}") = "train-classifier", "Labfiles\07-custom-vision-image-classification\C-Sharp\train-classifier\train-classifier.csproj", "{ECB3B4D9-542E-4F8D-8B75-7D37E012ECA4}"
EndProject
Global
	GlobalSection(SolutionConfigurationPlatforms) = preSolution
		Debug|Any CPU = Debug|Any CPU
		Release|Any CPU = Release|Any CPU
	EndGlobalSection
	GlobalSection(ProjectConfigurationPlatforms) = postSolution
		{047A89D4-1291-439F-8B07-A9084E75CCC1}.Debug|Any CPU.ActiveCfg = Debug|Any CPU
		{047A89D4-1291-439F-8B07-A9084E75CCC1}.Debug|Any CPU.Build.0 = Debug|Any CPU
		{047A89D4-1291-439F-8B07-A9084E75CCC1}.Release|Any CPU.ActiveCfg = Release|Any CPU
		{047A89D4-1291-439F-8B07-A9084E75CCC1}.Release|Any CPU.Build.0 = Release|Any CPU
		{628C4E4D-9347-46DC-A111-6DA856F79415}.Debug|Any CPU.ActiveCfg = Debug|Any CPU
		{628C4E4D-9347-46DC-A111-6DA856F79415}.Debug|Any CPU.Build.0 = Debug|Any CPU
		{628C4E4D-9347-46DC-A111-6DA856F79415}.Release|Any CPU.ActiveCfg = Release|Any CPU
		{628C4E4D-9347-46DC-A111-6DA856F79415}.Release|Any CPU.Build.0 = Release|Any CPU
		{48026504-927E-4E93-B05C-510D11214EB9}.Debug|Any CPU.ActiveCfg = Debug|Any CPU
		{48026504-927E-4E93-B05C-510D11214EB9}.Debug|Any CPU.Build.0 = Debug|Any CPU
		{48026504-927E-4E93-B05C-510D11214EB9}.Release|Any CPU.ActiveCfg = Release|Any CPU
		{48026504-927E-4E93-B05C-510D11214EB9}.Release|Any CPU.Build.0 = Release|Any CPU
		{38D4F465-5B8A-454E-82B2-045EB06F901E}.Debug|Any CPU.ActiveCfg = Debug|Any CPU
		{38D4F465-5B8A-454E-82B2-045EB06F901E}.Debug|Any CPU.Build.0 = Debug|Any CPU
		{38D4F465-5B8A-454E-82B2-045EB06F901E}.Release|Any CPU.ActiveCfg = Release|Any CPU
		{38D4F465-5B8A-454E-82B2-045EB06F901E}.Release|Any CPU.Build.0 = Release|Any CPU
		{1697D83C-11C2-4D49-88FA-C39723EC8808}.Debug|Any CPU.ActiveCfg = Debug|Any CPU
		{1697D83C-11C2-4D49-88FA-C39723EC8808}.Debug|Any CPU.Build.0 = Debug|Any CPU
		{1697D83C-11C2-4D49-88FA-C39723EC8808}.Release|Any CPU.ActiveCfg = Release|Any CPU
		{1697D83C-11C2-4D49-88FA-C39723EC8808}.Release|Any CPU.Build.0 = Release|Any CPU
		{F98BDE28-EC4A-432E-9441-B52A0D296089}.Debug|Any CPU.ActiveCfg = Debug|Any CPU
		{F98BDE28-EC4A-432E-9441-B52A0D296089}.Debug|Any CPU.Build.0 = Debug|Any CPU
		{F98BDE28-EC4A-432E-9441-B52A0D296089}.Release|Any CPU.ActiveCfg = Release|Any CPU
		{F98BDE28-EC4A-432E-9441-B52A0D296089}.Release|Any CPU.Build.0 = Release|Any CPU
		{D3C70A3D-255D-4355-BBED-A4F6DD92F3EA}.Debug|Any CPU.ActiveCfg = Debug|Any CPU
		{D3C70A3D-255D-4355-BBED-A4F6DD92F3EA}.Debug|Any CPU.Build.0 = Debug|Any CPU
		{D3C70A3D-255D-4355-BBED-A4F6DD92F3EA}.Release|Any CPU.ActiveCfg = Release|Any CPU
		{D3C70A3D-255D-4355-BBED-A4F6DD92F3EA}.Release|Any CPU.Build.0 = Release|Any CPU
		{ECB3B4D9-542E-4F8D-8B75-7D37E012ECA4}.Debug|Any CPU.ActiveCfg = Debug|Any CPU
		{ECB3B4D9-542E-4F8D-8B75-7D37E012ECA4}.Debug|Any CPU.Build.0 = Debug|Any CPU
		{ECB3B4D9-542E-4F8D-8B75-7D37E012ECA4}.Release|Any CPU.ActiveCfg = Release|Any CPU
		{ECB3B4D9-542E-4F8D-8B75-7D37E012ECA4}.Release|Any CPU.Build.0 = Release|Any CPU
	EndGlobalSection
	GlobalSection(SolutionProperties) = preSolution
		HideSolutionNode = FALSE
	EndGlobalSection
	GlobalSection(NestedProjects) = preSolution
		{815049DF-B0CE-48C5-A854-2EFE7670CDCC} = {0641C0F8-21F7-4C3B-9F79-7ADBF6211711}
		{B072512B-7EA1-4D42-B390-DD8F2BBBB912} = {815049DF-B0CE-48C5-A854-2EFE7670CDCC}
		{047A89D4-1291-439F-8B07-A9084E75CCC1} = {B072512B-7EA1-4D42-B390-DD8F2BBBB912}
		{DA7C86C5-DC76-4F3B-8FFF-3ECFDEE2B41D} = {0641C0F8-21F7-4C3B-9F79-7ADBF6211711}
		{300AAEC9-7E69-4EEE-AED0-FD8B557FA0A4} = {DA7C86C5-DC76-4F3B-8FFF-3ECFDEE2B41D}
		{628C4E4D-9347-46DC-A111-6DA856F79415} = {300AAEC9-7E69-4EEE-AED0-FD8B557FA0A4}
		{48026504-927E-4E93-B05C-510D11214EB9} = {300AAEC9-7E69-4EEE-AED0-FD8B557FA0A4}
		{CE607694-7BCB-43A0-805F-140395FB2A21} = {0641C0F8-21F7-4C3B-9F79-7ADBF6211711}
		{00C98C56-A5A2-4389-8F73-569F800E17C4} = {CE607694-7BCB-43A0-805F-140395FB2A21}
		{38D4F465-5B8A-454E-82B2-045EB06F901E} = {00C98C56-A5A2-4389-8F73-569F800E17C4}
		{1697D83C-11C2-4D49-88FA-C39723EC8808} = {00C98C56-A5A2-4389-8F73-569F800E17C4}
		{67598052-9C29-40A8-9C13-515882FBAD75} = {0641C0F8-21F7-4C3B-9F79-7ADBF6211711}
		{68C9B128-CD3C-4A7E-872E-AA9EFFEBBECF} = {67598052-9C29-40A8-9C13-515882FBAD75}
		{F98BDE28-EC4A-432E-9441-B52A0D296089} = {68C9B128-CD3C-4A7E-872E-AA9EFFEBBECF}
		{E62E8483-7383-42DB-BBA9-EDBE8E1E61BA} = {0641C0F8-21F7-4C3B-9F79-7ADBF6211711}
		{9B21CA6B-C4C7-4999-90B6-2FB00CE8A525} = {E62E8483-7383-42DB-BBA9-EDBE8E1E61BA}
		{D3C70A3D-255D-4355-BBED-A4F6DD92F3EA} = {9B21CA6B-C4C7-4999-90B6-2FB00CE8A525}
		{ECB3B4D9-542E-4F8D-8B75-7D37E012ECA4} = {9B21CA6B-C4C7-4999-90B6-2FB00CE8A525}
	EndGlobalSection
	GlobalSection(ExtensibilityGlobals) = postSolution
		SolutionGuid = {9472C9A0-CC3D-453C-950C-4F5C7DBFFCE9}
	EndGlobalSection
EndGlobal
